
Microsoft Visual Studio Solution File, Format Version 12.00
# Visual Studio 15
VisualStudioVersion = 15.0.27428.2037
MinimumVisualStudioVersion = 10.0.40219.1
Project("{FAE04EC0-301F-11D3-BF4B-00C04F79EFBC}") = "PrimerParcial", "PrimerParcial\PrimerParcial.csproj", "{DE21CF67-B23A-4B99-93E8-72C908060E27}"
EndProject
Project("{FAE04EC0-301F-11D3-BF4B-00C04F79EFBC}") = "PrimerParcialTests", "PrimerParcialTests\PrimerParcialTests.csproj", "{DEF53DA7-A51C-4BDB-92ED-9867EC9C31EC}"
EndProject
Global
	GlobalSection(SolutionConfigurationPlatforms) = preSolution
		Debug|Any CPU = Debug|Any CPU
		Release|Any CPU = Release|Any CPU
	EndGlobalSection
	GlobalSection(ProjectConfigurationPlatforms) = postSolution
		{DE21CF67-B23A-4B99-93E8-72C908060E27}.Debug|Any CPU.ActiveCfg = Debug|Any CPU
		{DE21CF67-B23A-4B99-93E8-72C908060E27}.Debug|Any CPU.Build.0 = Debug|Any CPU
		{DE21CF67-B23A-4B99-93E8-72C908060E27}.Release|Any CPU.ActiveCfg = Release|Any CPU
		{DE21CF67-B23A-4B99-93E8-72C908060E27}.Release|Any CPU.Build.0 = Release|Any CPU
		{DEF53DA7-A51C-4BDB-92ED-9867EC9C31EC}.Debug|Any CPU.ActiveCfg = Debug|Any CPU
		{DEF53DA7-A51C-4BDB-92ED-9867EC9C31EC}.Debug|Any CPU.Build.0 = Debug|Any CPU
		{DEF53DA7-A51C-4BDB-92ED-9867EC9C31EC}.Release|Any CPU.ActiveCfg = Release|Any CPU
		{DEF53DA7-A51C-4BDB-92ED-9867EC9C31EC}.Release|Any CPU.Build.0 = Release|Any CPU
	EndGlobalSection
	GlobalSection(SolutionProperties) = preSolution
		HideSolutionNode = FALSE
	EndGlobalSection
	GlobalSection(ExtensibilityGlobals) = postSolution
		SolutionGuid = {C653442C-E792-494D-A614-A4C59415173E}
	EndGlobalSection
EndGlobal
